
Microsoft Visual Studio Solution File, Format Version 12.00
# Visual Studio 15
VisualStudioVersion = 15.0.27703.2026
MinimumVisualStudioVersion = 10.0.40219.1
Project("{FAE04EC0-301F-11D3-BF4B-00C04F79EFBC}") = "ConnectedAnimationTest", "ConnectedAnimationTest\ConnectedAnimationTest.csproj", "{44CF69C5-8182-48B8-A6E5-D257F9DCA0FF}"
EndProject
Global
	GlobalSection(SolutionConfigurationPlatforms) = preSolution
		Debug|ARM = Debug|ARM
		Debug|x64 = Debug|x64
		Debug|x86 = Debug|x86
		Release|ARM = Release|ARM
		Release|x64 = Release|x64
		Release|x86 = Release|x86
	EndGlobalSection
	GlobalSection(ProjectConfigurationPlatforms) = postSolution
		{44CF69C5-8182-48B8-A6E5-D257F9DCA0FF}.Debug|ARM.ActiveCfg = Debug|ARM
		{44CF69C5-8182-48B8-A6E5-D257F9DCA0FF}.Debug|ARM.Build.0 = Debug|ARM
		{44CF69C5-8182-48B8-A6E5-D257F9DCA0FF}.Debug|ARM.Deploy.0 = Debug|ARM
		{44CF69C5-8182-48B8-A6E5-D257F9DCA0FF}.Debug|x64.ActiveCfg = Debug|x64
		{44CF69C5-8182-48B8-A6E5-D257F9DCA0FF}.Debug|x64.Build.0 = Debug|x64
		{44CF69C5-8182-48B8-A6E5-D257F9DCA0FF}.Debug|x64.Deploy.0 = Debug|x64
		{44CF69C5-8182-48B8-A6E5-D257F9DCA0FF}.Debug|x86.ActiveCfg = Debug|x86
		{44CF69C5-8182-48B8-A6E5-D257F9DCA0FF}.Debug|x86.Build.0 = Debug|x86
		{44CF69C5-8182-48B8-A6E5-D257F9DCA0FF}.Debug|x86.Deploy.0 = Debug|x86
		{44CF69C5-8182-48B8-A6E5-D257F9DCA0FF}.Release|ARM.ActiveCfg = Release|ARM
		{44CF69C5-8182-48B8-A6E5-D257F9DCA0FF}.Release|ARM.Build.0 = Release|ARM
		{44CF69C5-8182-48B8-A6E5-D257F9DCA0FF}.Release|ARM.Deploy.0 = Release|ARM
		{44CF69C5-8182-48B8-A6E5-D257F9DCA0FF}.Release|x64.ActiveCfg = Release|x64
		{44CF69C5-8182-48B8-A6E5-D257F9DCA0FF}.Release|x64.Build.0 = Release|x64
		{44CF69C5-8182-48B8-A6E5-D257F9DCA0FF}.Release|x64.Deploy.0 = Release|x64
		{44CF69C5-8182-48B8-A6E5-D257F9DCA0FF}.Release|x86.ActiveCfg = Release|x86
		{44CF69C5-8182-48B8-A6E5-D257F9DCA0FF}.Release|x86.Build.0 = Release|x86
		{44CF69C5-8182-48B8-A6E5-D257F9DCA0FF}.Release|x86.Deploy.0 = Release|x86
	EndGlobalSection
	GlobalSection(SolutionProperties) = preSolution
		HideSolutionNode = FALSE
	EndGlobalSection
	GlobalSection(ExtensibilityGlobals) = postSolution
		SolutionGuid = {2CEB6E61-A873-4B83-8744-E609E4527984}
	EndGlobalSection
EndGlobal
